
Microsoft Visual Studio Solution File, Format Version 12.00
# Visual Studio Version 17
VisualStudioVersion = 17.0.31903.59
MinimumVisualStudioVersion = 10.0.40219.1
Project("{2150E333-8FDC-42A3-9474-1A3956D46DE8}") = "ai", "ai", "{BA58FF10-E1F2-1F22-EED5-4647CFF8BF60}"
EndProject
Project("{2150E333-8FDC-42A3-9474-1A3956D46DE8}") = "gemini", "gemini", "{234C090C-01D6-265B-5399-E74E41019E05}"
EndProject
Project("{FAE04EC0-301F-11D3-BF4B-00C04F79EFBC}") = "AIMonitor", ".\AIMonitor.csproj", "{AD0D42C6-963B-4D5B-A272-B641E63D933B}"
EndProject
Global
	GlobalSection(SolutionConfigurationPlatforms) = preSolution
		Debug|Any CPU = Debug|Any CPU
		Debug|x64 = Debug|x64
		Debug|x86 = Debug|x86
		Release|Any CPU = Release|Any CPU
		Release|x64 = Release|x64
		Release|x86 = Release|x86
	EndGlobalSection
	GlobalSection(ProjectConfigurationPlatforms) = postSolution
		{AD0D42C6-963B-4D5B-A272-B641E63D933B}.Debug|Any CPU.ActiveCfg = Debug|Any CPU
		{AD0D42C6-963B-4D5B-A272-B641E63D933B}.Debug|Any CPU.Build.0 = Debug|Any CPU
		{AD0D42C6-963B-4D5B-A272-B641E63D933B}.Debug|x64.ActiveCfg = Debug|Any CPU
		{AD0D42C6-963B-4D5B-A272-B641E63D933B}.Debug|x64.Build.0 = Debug|Any CPU
		{AD0D42C6-963B-4D5B-A272-B641E63D933B}.Debug|x86.ActiveCfg = Debug|Any CPU
		{AD0D42C6-963B-4D5B-A272-B641E63D933B}.Debug|x86.Build.0 = Debug|Any CPU
		{AD0D42C6-963B-4D5B-A272-B641E63D933B}.Release|Any CPU.ActiveCfg = Release|Any CPU
		{AD0D42C6-963B-4D5B-A272-B641E63D933B}.Release|Any CPU.Build.0 = Release|Any CPU
		{AD0D42C6-963B-4D5B-A272-B641E63D933B}.Release|x64.ActiveCfg = Release|Any CPU
		{AD0D42C6-963B-4D5B-A272-B641E63D933B}.Release|x64.Build.0 = Release|Any CPU
		{AD0D42C6-963B-4D5B-A272-B641E63D933B}.Release|x86.ActiveCfg = Release|Any CPU
		{AD0D42C6-963B-4D5B-A272-B641E63D933B}.Release|x86.Build.0 = Release|Any CPU
	EndGlobalSection
	GlobalSection(SolutionProperties) = preSolution
		HideSolutionNode = FALSE
	EndGlobalSection
	GlobalSection(NestedProjects) = preSolution
		{234C090C-01D6-265B-5399-E74E41019E05} = {BA58FF10-E1F2-1F22-EED5-4647CFF8BF60}
		{AD0D42C6-963B-4D5B-A272-B641E63D933B} = {234C090C-01D6-265B-5399-E74E41019E05}
	EndGlobalSection
EndGlobal
